Microsoft Visual Studio Solution File, Format Version 12.00
# Visual Studio Version 17
VisualStudioVersion = 17.0.32112.339
MinimumVisualStudioVersion = 10.0.40219.1
Project("{9A19103F-16F7-4668-BE54-9A1E7A4F7556}") = "Jellyfin.Plugin.LibraryManager", "Jellyfin.Plugin.LibraryManager\Jellyfin.Plugin.LibraryManager.csproj", "{07E58E94-B7D3-437B-AF50-7649CACE7CA2}"
EndProject
Global
	GlobalSection(SolutionConfigurationPlatforms) = preSolution
		Debug|Any CPU = Debug|Any CPU
		Debug|x64 = Debug|x64
		Release|Any CPU = Release|Any CPU
		Release|x64 = Release|x64
	EndGlobalSection
	GlobalSection(ProjectConfigurationPlatforms) = postSolution
		{07E58E94-B7D3-437B-AF50-7649CACE7CA2}.Debug|Any CPU.ActiveCfg = Debug|Any CPU
		{07E58E94-B7D3-437B-AF50-7649CACE7CA2}.Debug|Any CPU.Build.0 = Debug|Any CPU
		{07E58E94-B7D3-437B-AF50-7649CACE7CA2}.Debug|x64.ActiveCfg = Debug|Any CPU
		{07E58E94-B7D3-437B-AF50-7649CACE7CA2}.Debug|x64.Build.0 = Debug|Any CPU
		{07E58E94-B7D3-437B-AF50-7649CACE7CA2}.Release|Any CPU.ActiveCfg = Release|Any CPU
		{07E58E94-B7D3-437B-AF50-7649CACE7CA2}.Release|Any CPU.Build.0 = Release|Any CPU
		{07E58E94-B7D3-437B-AF50-7649CACE7CA2}.Release|x64.ActiveCfg = Release|Any CPU
		{07E58E94-B7D3-437B-AF50-7649CACE7CA2}.Release|x64.Build.0 = Release|Any CPU
	EndGlobalSection
	GlobalSection(SolutionProperties) = preSolution
		HideSolutionNode = FALSE
	EndGlobalSection
	GlobalSection(ExtensibilityGlobals) = postSolution
		SolutionGuid = {0C9DB46B-DEB6-4DA3-9D39-EB6E68094596}
	EndGlobalSection
EndGlobal
